
Microsoft Visual Studio Solution File, Format Version 12.00
# Visual Studio Version 16
VisualStudioVersion = 16.0.37327.17
MinimumVisualStudioVersion = 10.0.40219.1
Project("{FAE04EC0-301F-11D3-BF4B-00C04F79EFBC}") = "PoochyEnabler", "PoochyEnabler\PoochyEnabler.csproj", "{BAFF389C-399C-4BC3-90B3-37A502ECC355}"
EndProject
Global
	GlobalSection(SolutionConfigurationPlatforms) = preSolution
		Debug|Any CPU = Debug|Any CPU
		Release|Any CPU = Release|Any CPU
	EndGlobalSection
	GlobalSection(ProjectConfigurationPlatforms) = postSolution
		{BAFF389C-399C-4BC3-90B3-37A502ECC355}.Debug|Any CPU.ActiveCfg = Debug|Any CPU
		{BAFF389C-399C-4BC3-90B3-37A502ECC355}.Debug|Any CPU.Build.0 = Debug|Any CPU
		{BAFF389C-399C-4BC3-90B3-37A502ECC355}.Release|Any CPU.ActiveCfg = Release|Any CPU
		{BAFF389C-399C-4BC3-90B3-37A502ECC355}.Release|Any CPU.Build.0 = Release|Any CPU
	EndGlobalSection
	GlobalSection(SolutionProperties) = preSolution
		HideSolutionNode = FALSE
	EndGlobalSection
	GlobalSection(ExtensibilityGlobals) = postSolution
		SolutionGuid = {913EEA43-4829-4B41-8C2F-3654309D70BB}
	EndGlobalSection
EndGlobal
